
Microsoft Visual Studio Solution File, Format Version 12.00
# Visual Studio Version 17
VisualStudioVersion = 17.11.35208.52
MinimumVisualStudioVersion = 10.0.40219.1
Project("{9A19103F-16F7-4668-BE54-9A1E7A4F7556}") = "Library.BookBorrowing", "Library.BookBorrowing.csproj", "{21C1A32F-59E4-4787-ACAF-135DF6EFB2A9}"
EndProject
Project("{FAE04EC0-301F-11D3-BF4B-00C04F79EFBC}") = "Library.BookBorrowing.Tests", "..\Library.BookBorrowing.Tests\Library.BookBorrowing.Tests.csproj", "{6791035A-A6AB-43E1-97F8-00BA25AD2CDD}"
EndProject
Global
	GlobalSection(SolutionConfigurationPlatforms) = preSolution
		Debug|Any CPU = Debug|Any CPU
		Release|Any CPU = Release|Any CPU
	EndGlobalSection
	GlobalSection(ProjectConfigurationPlatforms) = postSolution
		{21C1A32F-59E4-4787-ACAF-135DF6EFB2A9}.Debug|Any CPU.ActiveCfg = Debug|Any CPU
		{21C1A32F-59E4-4787-ACAF-135DF6EFB2A9}.Debug|Any CPU.Build.0 = Debug|Any CPU
		{21C1A32F-59E4-4787-ACAF-135DF6EFB2A9}.Release|Any CPU.ActiveCfg = Release|Any CPU
		{21C1A32F-59E4-4787-ACAF-135DF6EFB2A9}.Release|Any CPU.Build.0 = Release|Any CPU
		{6791035A-A6AB-43E1-97F8-00BA25AD2CDD}.Debug|Any CPU.ActiveCfg = Debug|Any CPU
		{6791035A-A6AB-43E1-97F8-00BA25AD2CDD}.Debug|Any CPU.Build.0 = Debug|Any CPU
		{6791035A-A6AB-43E1-97F8-00BA25AD2CDD}.Release|Any CPU.ActiveCfg = Release|Any CPU
		{6791035A-A6AB-43E1-97F8-00BA25AD2CDD}.Release|Any CPU.Build.0 = Release|Any CPU
	EndGlobalSection
	GlobalSection(SolutionProperties) = preSolution
		HideSolutionNode = FALSE
	EndGlobalSection
	GlobalSection(ExtensibilityGlobals) = postSolution
		SolutionGuid = {F8A2168A-B235-41F5-9792-8EE68A6BD0EE}
	EndGlobalSection
EndGlobal
